
Microsoft Visual Studio Solution File, Format Version 12.00
# Visual Studio Version 17
VisualStudioVersion = 17.0.31903.59
MinimumVisualStudioVersion = 10.0.40219.1
Project("{2150E333-8FDC-42A3-9474-1A3956D46DE8}") = "src", "src", "{7C377A27-7257-4CB4-B89C-6855F9ED361F}"
EndProject
Project("{FAE04EC0-301F-11D3-BF4B-00C04F79EFBC}") = "TargetDesafio.Core", "src\TargetDesafio.Core\TargetDesafio.Core.csproj", "{050F66FA-C1F5-4B2C-97AE-9CC169975EBB}"
EndProject
Project("{FAE04EC0-301F-11D3-BF4B-00C04F79EFBC}") = "TargetDesafio.Api", "src\TargetDesafio.Api\TargetDesafio.Api.csproj", "{2DA977B6-7650-4CD4-B314-2ECE5542B242}"
EndProject
Project("{2150E333-8FDC-42A3-9474-1A3956D46DE8}") = "tests", "tests", "{5F2092C2-B069-42D3-B7A6-C004D1588AE0}"
EndProject
Project("{FAE04EC0-301F-11D3-BF4B-00C04F79EFBC}") = "TargetDesafio.Tests", "tests\TargetDesafio.Tests\TargetDesafio.Tests.csproj", "{97F9EA9D-F7D4-464A-81B2-9E8FB1F8400F}"
EndProject
Global
	GlobalSection(SolutionConfigurationPlatforms) = preSolution
		Debug|Any CPU = Debug|Any CPU
		Release|Any CPU = Release|Any CPU
	EndGlobalSection
	GlobalSection(SolutionProperties) = preSolution
		HideSolutionNode = FALSE
	EndGlobalSection
	GlobalSection(ProjectConfigurationPlatforms) = postSolution
		{050F66FA-C1F5-4B2C-97AE-9CC169975EBB}.Debug|Any CPU.ActiveCfg = Debug|Any CPU
		{050F66FA-C1F5-4B2C-97AE-9CC169975EBB}.Debug|Any CPU.Build.0 = Debug|Any CPU
		{050F66FA-C1F5-4B2C-97AE-9CC169975EBB}.Release|Any CPU.ActiveCfg = Release|Any CPU
		{050F66FA-C1F5-4B2C-97AE-9CC169975EBB}.Release|Any CPU.Build.0 = Release|Any CPU
		{2DA977B6-7650-4CD4-B314-2ECE5542B242}.Debug|Any CPU.ActiveCfg = Debug|Any CPU
		{2DA977B6-7650-4CD4-B314-2ECE5542B242}.Debug|Any CPU.Build.0 = Debug|Any CPU
		{2DA977B6-7650-4CD4-B314-2ECE5542B242}.Release|Any CPU.ActiveCfg = Release|Any CPU
		{2DA977B6-7650-4CD4-B314-2ECE5542B242}.Release|Any CPU.Build.0 = Release|Any CPU
		{97F9EA9D-F7D4-464A-81B2-9E8FB1F8400F}.Debug|Any CPU.ActiveCfg = Debug|Any CPU
		{97F9EA9D-F7D4-464A-81B2-9E8FB1F8400F}.Debug|Any CPU.Build.0 = Debug|Any CPU
		{97F9EA9D-F7D4-464A-81B2-9E8FB1F8400F}.Release|Any CPU.ActiveCfg = Release|Any CPU
		{97F9EA9D-F7D4-464A-81B2-9E8FB1F8400F}.Release|Any CPU.Build.0 = Release|Any CPU
	EndGlobalSection
	GlobalSection(NestedProjects) = preSolution
		{050F66FA-C1F5-4B2C-97AE-9CC169975EBB} = {7C377A27-7257-4CB4-B89C-6855F9ED361F}
		{2DA977B6-7650-4CD4-B314-2ECE5542B242} = {7C377A27-7257-4CB4-B89C-6855F9ED361F}
		{97F9EA9D-F7D4-464A-81B2-9E8FB1F8400F} = {5F2092C2-B069-42D3-B7A6-C004D1588AE0}
	EndGlobalSection
EndGlobal
